
Microsoft Visual Studio Solution File, Format Version 12.00
# Visual Studio Version 16
VisualStudioVersion = 16.0.32228.343
MinimumVisualStudioVersion = 10.0.40219.1
Project("{FAE04EC0-301F-11D3-BF4B-00C04F79EFBC}") = "Entidades", "Entidades\Entidades.csproj", "{8BD5472C-8214-4843-AF9C-5FA61E9508FB}"
EndProject
Project("{FAE04EC0-301F-11D3-BF4B-00C04F79EFBC}") = "MiCalculadora", "MiCalculadora\MiCalculadora.csproj", "{11661EF3-71D9-4C97-9DAA-7ED879AD426A}"
EndProject
Global
	GlobalSection(SolutionConfigurationPlatforms) = preSolution
		Debug|Any CPU = Debug|Any CPU
		Release|Any CPU = Release|Any CPU
	EndGlobalSection
	GlobalSection(ProjectConfigurationPlatforms) = postSolution
		{8BD5472C-8214-4843-AF9C-5FA61E9508FB}.Debug|Any CPU.ActiveCfg = Debug|Any CPU
		{8BD5472C-8214-4843-AF9C-5FA61E9508FB}.Debug|Any CPU.Build.0 = Debug|Any CPU
		{8BD5472C-8214-4843-AF9C-5FA61E9508FB}.Release|Any CPU.ActiveCfg = Release|Any CPU
		{8BD5472C-8214-4843-AF9C-5FA61E9508FB}.Release|Any CPU.Build.0 = Release|Any CPU
		{11661EF3-71D9-4C97-9DAA-7ED879AD426A}.Debug|Any CPU.ActiveCfg = Debug|Any CPU
		{11661EF3-71D9-4C97-9DAA-7ED879AD426A}.Debug|Any CPU.Build.0 = Debug|Any CPU
		{11661EF3-71D9-4C97-9DAA-7ED879AD426A}.Release|Any CPU.ActiveCfg = Release|Any CPU
		{11661EF3-71D9-4C97-9DAA-7ED879AD426A}.Release|Any CPU.Build.0 = Release|Any CPU
	EndGlobalSection
	GlobalSection(SolutionProperties) = preSolution
		HideSolutionNode = FALSE
	EndGlobalSection
	GlobalSection(ExtensibilityGlobals) = postSolution
		SolutionGuid = {FC10F2E1-5159-4EAB-A149-E1793A5894CB}
	EndGlobalSection
EndGlobal
